
Microsoft Visual Studio Solution File, Format Version 12.00
# Visual Studio Version 17
VisualStudioVersion = 17.11.35327.3
MinimumVisualStudioVersion = 10.0.40219.1
Project("{FAE04EC0-301F-11D3-BF4B-00C04F79EFBC}") = "creacionDeArchivos", "creacionDeArchivos\creacionDeArchivos.csproj", "{F423D347-C232-4659-8085-ADC7E31A9868}"
EndProject
Global
	GlobalSection(SolutionConfigurationPlatforms) = preSolution
		Debug|Any CPU = Debug|Any CPU
		Release|Any CPU = Release|Any CPU
	EndGlobalSection
	GlobalSection(ProjectConfigurationPlatforms) = postSolution
		{F423D347-C232-4659-8085-ADC7E31A9868}.Debug|Any CPU.ActiveCfg = Debug|Any CPU
		{F423D347-C232-4659-8085-ADC7E31A9868}.Debug|Any CPU.Build.0 = Debug|Any CPU
		{F423D347-C232-4659-8085-ADC7E31A9868}.Release|Any CPU.ActiveCfg = Release|Any CPU
		{F423D347-C232-4659-8085-ADC7E31A9868}.Release|Any CPU.Build.0 = Release|Any CPU
	EndGlobalSection
	GlobalSection(SolutionProperties) = preSolution
		HideSolutionNode = FALSE
	EndGlobalSection
	GlobalSection(ExtensibilityGlobals) = postSolution
		SolutionGuid = {E277566D-23FC-4D1D-B064-72F64FD71B8A}
	EndGlobalSection
EndGlobal
