
Microsoft Visual Studio Solution File, Format Version 12.00
# Visual Studio Version 17
VisualStudioVersion = 17.11.35327.3
MinimumVisualStudioVersion = 10.0.40219.1
Project("{FAE04EC0-301F-11D3-BF4B-00C04F79EFBC}") = "snake1.0", "snake1.0\snake1.0.csproj", "{8ABF3E1E-24B6-46D4-A5AD-A622CB2BECA4}"
EndProject
Global
	GlobalSection(SolutionConfigurationPlatforms) = preSolution
		Debug|Any CPU = Debug|Any CPU
		Release|Any CPU = Release|Any CPU
	EndGlobalSection
	GlobalSection(ProjectConfigurationPlatforms) = postSolution
		{8ABF3E1E-24B6-46D4-A5AD-A622CB2BECA4}.Debug|Any CPU.ActiveCfg = Debug|Any CPU
		{8ABF3E1E-24B6-46D4-A5AD-A622CB2BECA4}.Debug|Any CPU.Build.0 = Debug|Any CPU
		{8ABF3E1E-24B6-46D4-A5AD-A622CB2BECA4}.Release|Any CPU.ActiveCfg = Release|Any CPU
		{8ABF3E1E-24B6-46D4-A5AD-A622CB2BECA4}.Release|Any CPU.Build.0 = Release|Any CPU
	EndGlobalSection
	GlobalSection(SolutionProperties) = preSolution
		HideSolutionNode = FALSE
	EndGlobalSection
	GlobalSection(ExtensibilityGlobals) = postSolution
		SolutionGuid = {8A161C53-D973-44D1-A540-2B63F7898942}
	EndGlobalSection
EndGlobal
